
Microsoft Visual Studio Solution File, Format Version 12.00
# Visual Studio Version 16
VisualStudioVersion = 16.0.28803.452
MinimumVisualStudioVersion = 10.0.40219.1
Project("{FAE04EC0-301F-11D3-BF4B-00C04F79EFBC}") = "TerminalCsharp", "TerminalCsharp\TerminalCsharp.csproj", "{BFBDFC7F-245E-407D-BC0A-F92AC91BF6CC}"
EndProject
Global
	GlobalSection(SolutionConfigurationPlatforms) = preSolution
		Debug|Any CPU = Debug|Any CPU
		Release|Any CPU = Release|Any CPU
	EndGlobalSection
	GlobalSection(ProjectConfigurationPlatforms) = postSolution
		{BFBDFC7F-245E-407D-BC0A-F92AC91BF6CC}.Debug|Any CPU.ActiveCfg = Debug|Any CPU
		{BFBDFC7F-245E-407D-BC0A-F92AC91BF6CC}.Debug|Any CPU.Build.0 = Debug|Any CPU
		{BFBDFC7F-245E-407D-BC0A-F92AC91BF6CC}.Release|Any CPU.ActiveCfg = Release|Any CPU
		{BFBDFC7F-245E-407D-BC0A-F92AC91BF6CC}.Release|Any CPU.Build.0 = Release|Any CPU
	EndGlobalSection
	GlobalSection(SolutionProperties) = preSolution
		HideSolutionNode = FALSE
	EndGlobalSection
	GlobalSection(ExtensibilityGlobals) = postSolution
		SolutionGuid = {818CEC3B-0282-4C3A-9544-CAE6948B3A26}
	EndGlobalSection
EndGlobal
